
Microsoft Visual Studio Solution File, Format Version 12.00
# Visual Studio Version 16
VisualStudioVersion = 16.0.32228.343
MinimumVisualStudioVersion = 10.0.40219.1
Project("{FAE04EC0-301F-11D3-BF4B-00C04F79EFBC}") = "UmatiOpcUaClient", "UmatiOpcUaClient.csproj", "{D154F452-D556-4948-A0F1-80668F39723D}"
EndProject
Global
	GlobalSection(SolutionConfigurationPlatforms) = preSolution
		Debug|Any CPU = Debug|Any CPU
		Release|Any CPU = Release|Any CPU
	EndGlobalSection
	GlobalSection(ProjectConfigurationPlatforms) = postSolution
		{D154F452-D556-4948-A0F1-80668F39723D}.Debug|Any CPU.ActiveCfg = Debug|Any CPU
		{D154F452-D556-4948-A0F1-80668F39723D}.Debug|Any CPU.Build.0 = Debug|Any CPU
		{D154F452-D556-4948-A0F1-80668F39723D}.Release|Any CPU.ActiveCfg = Release|Any CPU
		{D154F452-D556-4948-A0F1-80668F39723D}.Release|Any CPU.Build.0 = Release|Any CPU
	EndGlobalSection
	GlobalSection(SolutionProperties) = preSolution
		HideSolutionNode = FALSE
	EndGlobalSection
	GlobalSection(ExtensibilityGlobals) = postSolution
		SolutionGuid = {B2209516-AB41-46E3-9F8A-8B3EACFBA7DE}
	EndGlobalSection
EndGlobal
